
Microsoft Visual Studio Solution File, Format Version 12.00
# Visual Studio Version 16
VisualStudioVersion = 16.0.30717.126
MinimumVisualStudioVersion = 10.0.40219.1
Project("{FAE04EC0-301F-11D3-BF4B-00C04F79EFBC}") = "OgrIsler.Core", "OgrIsler.Core\OgrIsler.Core.csproj", "{471B2BF8-3BC0-4FAC-85A1-02B9B61926EF}"
EndProject
Project("{FAE04EC0-301F-11D3-BF4B-00C04F79EFBC}") = "OgrIsler.DataAccess", "OgrIsler.DataAccess\OgrIsler.DataAccess.csproj", "{AA13A853-C85F-4C50-8815-1039AF0290F1}"
EndProject
Project("{FAE04EC0-301F-11D3-BF4B-00C04F79EFBC}") = "OgrIsler.Business", "OgrIsler.Business\OgrIsler.Business.csproj", "{E23F8BDE-C26E-41CD-A65D-2502718F043B}"
EndProject
Project("{FAE04EC0-301F-11D3-BF4B-00C04F79EFBC}") = "OgrIsler.WebUI", "OgrIsler.WebUI\OgrIsler.WebUI.csproj", "{DC99071B-B4EC-4E44-91BE-C6A114E0E5A7}"
EndProject
Project("{FAE04EC0-301F-11D3-BF4B-00C04F79EFBC}") = "OgrIsler.WebUI.Tests", "OgrIsler.WebUI.Tests\OgrIsler.WebUI.Tests.csproj", "{1097E96B-6419-4003-95B0-CFBF8D6BF683}"
EndProject
Global
	GlobalSection(SolutionConfigurationPlatforms) = preSolution
		Debug|Any CPU = Debug|Any CPU
		Release|Any CPU = Release|Any CPU
	EndGlobalSection
	GlobalSection(ProjectConfigurationPlatforms) = postSolution
		{471B2BF8-3BC0-4FAC-85A1-02B9B61926EF}.Debug|Any CPU.ActiveCfg = Debug|Any CPU
		{471B2BF8-3BC0-4FAC-85A1-02B9B61926EF}.Debug|Any CPU.Build.0 = Debug|Any CPU
		{471B2BF8-3BC0-4FAC-85A1-02B9B61926EF}.Release|Any CPU.ActiveCfg = Release|Any CPU
		{471B2BF8-3BC0-4FAC-85A1-02B9B61926EF}.Release|Any CPU.Build.0 = Release|Any CPU
		{AA13A853-C85F-4C50-8815-1039AF0290F1}.Debug|Any CPU.ActiveCfg = Debug|Any CPU
		{AA13A853-C85F-4C50-8815-1039AF0290F1}.Debug|Any CPU.Build.0 = Debug|Any CPU
		{AA13A853-C85F-4C50-8815-1039AF0290F1}.Release|Any CPU.ActiveCfg = Release|Any CPU
		{AA13A853-C85F-4C50-8815-1039AF0290F1}.Release|Any CPU.Build.0 = Release|Any CPU
		{E23F8BDE-C26E-41CD-A65D-2502718F043B}.Debug|Any CPU.ActiveCfg = Debug|Any CPU
		{E23F8BDE-C26E-41CD-A65D-2502718F043B}.Debug|Any CPU.Build.0 = Debug|Any CPU
		{E23F8BDE-C26E-41CD-A65D-2502718F043B}.Release|Any CPU.ActiveCfg = Release|Any CPU
		{E23F8BDE-C26E-41CD-A65D-2502718F043B}.Release|Any CPU.Build.0 = Release|Any CPU
		{DC99071B-B4EC-4E44-91BE-C6A114E0E5A7}.Debug|Any CPU.ActiveCfg = Debug|Any CPU
		{DC99071B-B4EC-4E44-91BE-C6A114E0E5A7}.Debug|Any CPU.Build.0 = Debug|Any CPU
		{DC99071B-B4EC-4E44-91BE-C6A114E0E5A7}.Release|Any CPU.ActiveCfg = Release|Any CPU
		{DC99071B-B4EC-4E44-91BE-C6A114E0E5A7}.Release|Any CPU.Build.0 = Release|Any CPU
		{1097E96B-6419-4003-95B0-CFBF8D6BF683}.Debug|Any CPU.ActiveCfg = Debug|Any CPU
		{1097E96B-6419-4003-95B0-CFBF8D6BF683}.Debug|Any CPU.Build.0 = Debug|Any CPU
		{1097E96B-6419-4003-95B0-CFBF8D6BF683}.Release|Any CPU.ActiveCfg = Release|Any CPU
		{1097E96B-6419-4003-95B0-CFBF8D6BF683}.Release|Any CPU.Build.0 = Release|Any CPU
	EndGlobalSection
	GlobalSection(SolutionProperties) = preSolution
		HideSolutionNode = FALSE
	EndGlobalSection
	GlobalSection(ExtensibilityGlobals) = postSolution
		SolutionGuid = {08C569E1-D2A3-49FC-ABB8-EF6C74C2CA7B}
	EndGlobalSection
EndGlobal
